{
  "name": "arq-sistemas-proto",
  "version": "1.0.0",
  "lockfileVersion": 3,
  "requires": true,
  "packages": {
    "": {
      "name": "arq-sistemas-proto",
      "version": "1.0.0",
      "license": "ISC",
      "dependencies": {
        "arq-sistemas-proto": "file:"
      }
    },
    "node_modules/arq-sistemas-proto": {
      "resolved": "",
      "link": true
    }
  }
}
